
Microsoft Visual Studio Solution File, Format Version 12.00
Project("{FAE04EC0-301F-11D3-BF4B-00C04F79EFBC}") = "Common", "Common\Common.csproj", "{31486883-13CC-468F-88E6-FF7E7A47FDC6}"
EndProject
Project("{FAE04EC0-301F-11D3-BF4B-00C04F79EFBC}") = "NoteService", "NoteService\NoteService.csproj", "{02EA4D86-CCF2-44AD-8CDA-A0E32583BB22}"
EndProject
Project("{FAE04EC0-301F-11D3-BF4B-00C04F79EFBC}") = "FileService", "FileService\FileService.csproj", "{B2440828-3E78-49A1-8175-009E7AA8E4AC}"
EndProject
Project("{FAE04EC0-301F-11D3-BF4B-00C04F79EFBC}") = "NotificationService", "NotificationService\NotificationService.csproj", "{01826BC5-CF93-4963-9227-1DFB7F65F5B9}"
EndProject
Global
	GlobalSection(SolutionConfigurationPlatforms) = preSolution
		Debug|Any CPU = Debug|Any CPU
		Release|Any CPU = Release|Any CPU
	EndGlobalSection
	GlobalSection(ProjectConfigurationPlatforms) = postSolution
		{31486883-13CC-468F-88E6-FF7E7A47FDC6}.Debug|Any CPU.ActiveCfg = Debug|Any CPU
		{31486883-13CC-468F-88E6-FF7E7A47FDC6}.Debug|Any CPU.Build.0 = Debug|Any CPU
		{31486883-13CC-468F-88E6-FF7E7A47FDC6}.Release|Any CPU.ActiveCfg = Release|Any CPU
		{31486883-13CC-468F-88E6-FF7E7A47FDC6}.Release|Any CPU.Build.0 = Release|Any CPU
		{02EA4D86-CCF2-44AD-8CDA-A0E32583BB22}.Debug|Any CPU.ActiveCfg = Debug|Any CPU
		{02EA4D86-CCF2-44AD-8CDA-A0E32583BB22}.Debug|Any CPU.Build.0 = Debug|Any CPU
		{02EA4D86-CCF2-44AD-8CDA-A0E32583BB22}.Release|Any CPU.ActiveCfg = Release|Any CPU
		{02EA4D86-CCF2-44AD-8CDA-A0E32583BB22}.Release|Any CPU.Build.0 = Release|Any CPU
		{B2440828-3E78-49A1-8175-009E7AA8E4AC}.Debug|Any CPU.ActiveCfg = Debug|Any CPU
		{B2440828-3E78-49A1-8175-009E7AA8E4AC}.Debug|Any CPU.Build.0 = Debug|Any CPU
		{B2440828-3E78-49A1-8175-009E7AA8E4AC}.Release|Any CPU.ActiveCfg = Release|Any CPU
		{B2440828-3E78-49A1-8175-009E7AA8E4AC}.Release|Any CPU.Build.0 = Release|Any CPU
		{01826BC5-CF93-4963-9227-1DFB7F65F5B9}.Debug|Any CPU.ActiveCfg = Debug|Any CPU
		{01826BC5-CF93-4963-9227-1DFB7F65F5B9}.Debug|Any CPU.Build.0 = Debug|Any CPU
		{01826BC5-CF93-4963-9227-1DFB7F65F5B9}.Release|Any CPU.ActiveCfg = Release|Any CPU
		{01826BC5-CF93-4963-9227-1DFB7F65F5B9}.Release|Any CPU.Build.0 = Release|Any CPU
	EndGlobalSection
EndGlobal
